// !$*UTF8*$!
{
	archiveVersion = 1;
	classes = {
	};
	objectVersion = 56;
	objects = {

/* Begin PBXBuildFile section */
		4A0865A12A7DCE19008DB53F /* FirebaseChatApp.swift in Sources */ = {isa = PBXBuildFile; fileRef = 4A0865A02A7DCE19008DB53F /* FirebaseChatApp.swift */; };
		4A0865A32A7DCE19008DB53F /* LoginView.swift in Sources */ = {isa = PBXBuildFile; fileRef = 4A0865A22A7DCE19008DB53F /* LoginView.swift */; };
		4A0865A52A7DCE1A008DB53F /* Assets.xcassets in Resources */ = {isa = PBXBuildFile; fileRef = 4A0865A42A7DCE1A008DB53F /* Assets.xcassets */; };
		4A0865A82A7DCE1A008DB53F /* Preview Assets.xcassets in Resources */ = {isa = PBXBuildFile; fileRef = 4A0865A72A7DCE1A008DB53F /* Preview Assets.xcassets */; };
		4A0865B42A7DDE36008DB53F /* GoogleService-Info.plist in Resources */ = {isa = PBXBuildFile; fileRef = 4A0865B32A7DDE36008DB53F /* GoogleService-Info.plist */; };
		4A0865B62A7DE2B7008DB53F /* FirebaseManager.swift in Sources */ = {isa = PBXBuildFile; fileRef = 4A0865B52A7DE2B7008DB53F /* FirebaseManager.swift */; };
		4A3D10962A7FA7CF00E93ED0 /* RecentMessage.swift in Sources */ = {isa = PBXBuildFile; fileRef = 4A3D10952A7FA7CF00E93ED0 /* RecentMessage.swift */; };
		4A3D10982A7FAE6900E93ED0 /* MainView.swift in Sources */ = {isa = PBXBuildFile; fileRef = 4A3D10972A7FAE6900E93ED0 /* MainView.swift */; };
		4A3D109B2A7FB0ED00E93ED0 /* FirebaseFirestoreSwift in Frameworks */ = {isa = PBXBuildFile; productRef = 4A3D109A2A7FB0ED00E93ED0 /* FirebaseFirestoreSwift */; };
		4A7D562F2A7E35DC007F0114 /* FirebaseAuth in Frameworks */ = {isa = PBXBuildFile; productRef = 4A7D562E2A7E35DC007F0114 /* FirebaseAuth */; };
		4A7D56312A7E35DC007F0114 /* FirebaseFirestore in Frameworks */ = {isa = PBXBuildFile; productRef = 4A7D56302A7E35DC007F0114 /* FirebaseFirestore */; };
		4A7D56332A7E35DC007F0114 /* FirebaseStorage in Frameworks */ = {isa = PBXBuildFile; productRef = 4A7D56322A7E35DC007F0114 /* FirebaseStorage */; };
		4A99FB002A7F504400EB62BB /* NewMessageView.swift in Sources */ = {isa = PBXBuildFile; fileRef = 4A99FAFF2A7F504400EB62BB /* NewMessageView.swift */; };
		4A99FB022A7F518B00EB62BB /* NewMessageViewModel.swift in Sources */ = {isa = PBXBuildFile; fileRef = 4A99FB012A7F518B00EB62BB /* NewMessageViewModel.swift */; };
		4A99FB042A7F5B4D00EB62BB /* ChatLogView.swift in Sources */ = {isa = PBXBuildFile; fileRef = 4A99FB032A7F5B4D00EB62BB /* ChatLogView.swift */; };
		4AA70AFC2A7F7ACD0047DBA5 /* ChatLogViewModel.swift in Sources */ = {isa = PBXBuildFile; fileRef = 4AA70AFB2A7F7ACD0047DBA5 /* ChatLogViewModel.swift */; };
		4AA70AFE2A7F829D0047DBA5 /* ChatMessage.swift in Sources */ = {isa = PBXBuildFile; fileRef = 4AA70AFD2A7F829D0047DBA5 /* ChatMessage.swift */; };
		4AA70B002A7F839C0047DBA5 /* Utilities.swift in Sources */ = {isa = PBXBuildFile; fileRef = 4AA70AFF2A7F839C0047DBA5 /* Utilities.swift */; };
		4AC816032A7F297C009182B4 /* MessagesView.swift in Sources */ = {isa = PBXBuildFile; fileRef = 4AC816022A7F297C009182B4 /* MessagesView.swift */; };
		4AC816062A7F2F65009182B4 /* SettingView.swift in Sources */ = {isa = PBXBuildFile; fileRef = 4AC816052A7F2F65009182B4 /* SettingView.swift */; };
		4AC816092A7F3475009182B4 /* MessagesViewModel.swift in Sources */ = {isa = PBXBuildFile; fileRef = 4AC816082A7F3475009182B4 /* MessagesViewModel.swift */; };
		4AC8160C2A7F378A009182B4 /* ChatUser.swift in Sources */ = {isa = PBXBuildFile; fileRef = 4AC8160B2A7F378A009182B4 /* ChatUser.swift */; };
/* End PBXBuildFile section */

/* Begin PBXFileReference section */
		4A08659D2A7DCE19008DB53F /* FirebaseChat.app */ = {isa = PBXFileReference; explicitFileType = wrapper.application; includeInIndex = 0; path = FirebaseChat.app; sourceTree = BUILT_PRODUCTS_DIR; };
		4A0865A02A7DCE19008DB53F /* FirebaseChatApp.swift */ = {isa = PBXFileReference; lastKnownFileType = sourcecode.swift; path = FirebaseChatApp.swift; sourceTree = "<group>"; };
		4A0865A22A7DCE19008DB53F /* LoginView.swift */ = {isa = PBXFileReference; lastKnownFileType = sourcecode.swift; path = LoginView.swift; sourceTree = "<group>"; };
		4A0865A42A7DCE1A008DB53F /* Assets.xcassets */ = {isa = PBXFileReference; lastKnownFileType = folder.assetcatalog; path = Assets.xcassets; sourceTree = "<group>"; };
		4A0865A72A7DCE1A008DB53F /* Preview Assets.xcassets */ = {isa = PBXFileReference; lastKnownFileType = folder.assetcatalog; path = "Preview Assets.xcassets"; sourceTree = "<group>"; };
		4A0865B32A7DDE36008DB53F /* GoogleService-Info.plist */ = {isa = PBXFileReference; fileEncoding = 4; lastKnownFileType = text.plist.xml; path = "GoogleService-Info.plist"; sourceTree = "<group>"; };
		4A0865B52A7DE2B7008DB53F /* FirebaseManager.swift */ = {isa = PBXFileReference; lastKnownFileType = sourcecode.swift; name = FirebaseManager.swift; path = FirebaseChat/ViewModel/FirebaseManager.swift; sourceTree = SOURCE_ROOT; };
		4A3D10952A7FA7CF00E93ED0 /* RecentMessage.swift */ = {isa = PBXFileReference; lastKnownFileType = sourcecode.swift; path = RecentMessage.swift; sourceTree = "<group>"; };
		4A3D10972A7FAE6900E93ED0 /* MainView.swift */ = {isa = PBXFileReference; lastKnownFileType = sourcecode.swift; path = MainView.swift; sourceTree = "<group>"; };
		4A99FAFF2A7F504400EB62BB /* NewMessageView.swift */ = {isa = PBXFileReference; lastKnownFileType = sourcecode.swift; path = NewMessageView.swift; sourceTree = "<group>"; };
		4A99FB012A7F518B00EB62BB /* NewMessageViewModel.swift */ = {isa = PBXFileReference; lastKnownFileType = sourcecode.swift; path = NewMessageViewModel.swift; sourceTree = "<group>"; };
		4A99FB032A7F5B4D00EB62BB /* ChatLogView.swift */ = {isa = PBXFileReference; lastKnownFileType = sourcecode.swift; path = ChatLogView.swift; sourceTree = "<group>"; };
		4AA70AFB2A7F7ACD0047DBA5 /* ChatLogViewModel.swift */ = {isa = PBXFileReference; lastKnownFileType = sourcecode.swift; path = ChatLogViewModel.swift; sourceTree = "<group>"; };
		4AA70AFD2A7F829D0047DBA5 /* ChatMessage.swift */ = {isa = PBXFileReference; lastKnownFileType = sourcecode.swift; path = ChatMessage.swift; sourceTree = "<group>"; };
		4AA70AFF2A7F839C0047DBA5 /* Utilities.swift */ = {isa = PBXFileReference; lastKnownFileType = sourcecode.swift; path = Utilities.swift; sourceTree = "<group>"; };
		4AC816022A7F297C009182B4 /* MessagesView.swift */ = {isa = PBXFileReference; lastKnownFileType = sourcecode.swift; path = MessagesView.swift; sourceTree = "<group>"; };
		4AC816052A7F2F65009182B4 /* SettingView.swift */ = {isa = PBXFileReference; lastKnownFileType = sourcecode.swift; path = SettingView.swift; sourceTree = "<group>"; };
		4AC816082A7F3475009182B4 /* MessagesViewModel.swift */ = {isa = PBXFileReference; lastKnownFileType = sourcecode.swift; path = MessagesViewModel.swift; sourceTree = "<group>"; };
		4AC8160B2A7F378A009182B4 /* ChatUser.swift */ = {isa = PBXFileReference; lastKnownFileType = sourcecode.swift; path = ChatUser.swift; sourceTree = "<group>"; };
/* End PBXFileReference section */

/* Begin PBXFrameworksBuildPhase section */
		4A08659A2A7DCE19008DB53F /* Frameworks */ = {
			isa = PBXFrameworksBuildPhase;
			buildActionMask = 2147483647;
			files = (
				4A7D562F2A7E35DC007F0114 /* FirebaseAuth in Frameworks */,
				4A7D56312A7E35DC007F0114 /* FirebaseFirestore in Frameworks */,
				4A7D56332A7E35DC007F0114 /* FirebaseStorage in Frameworks */,
				4A3D109B2A7FB0ED00E93ED0 /* FirebaseFirestoreSwift in Frameworks */,
			);
			runOnlyForDeploymentPostprocessing = 0;
		};
/* End PBXFrameworksBuildPhase section */

/* Begin PBXGroup section */
		4A0865942A7DCE19008DB53F = {
			isa = PBXGroup;
			children = (
				4A08659F2A7DCE19008DB53F /* FirebaseChat */,
				4A08659E2A7DCE19008DB53F /* Products */,
				4A3D10992A7FB0ED00E93ED0 /* Frameworks */,
			);
			sourceTree = "<group>";
		};
		4A08659E2A7DCE19008DB53F /* Products */ = {
			isa = PBXGroup;
			children = (
				4A08659D2A7DCE19008DB53F /* FirebaseChat.app */,
			);
			name = Products;
			sourceTree = "<group>";
		};
		4A08659F2A7DCE19008DB53F /* FirebaseChat */ = {
			isa = PBXGroup;
			children = (
				4A0865A02A7DCE19008DB53F /* FirebaseChatApp.swift */,
				4AC816072A7F33F0009182B4 /* ViewModel */,
				4AC816042A7F298B009182B4 /* Views */,
				4AC8160A2A7F377B009182B4 /* Model */,
				4A0865A42A7DCE1A008DB53F /* Assets.xcassets */,
				4A0865B32A7DDE36008DB53F /* GoogleService-Info.plist */,
				4AA70AFF2A7F839C0047DBA5 /* Utilities.swift */,
				4A0865A62A7DCE1A008DB53F /* Preview Content */,
			);
			path = FirebaseChat;
			sourceTree = "<group>";
		};
		4A0865A62A7DCE1A008DB53F /* Preview Content */ = {
			isa = PBXGroup;
			children = (
				4A0865A72A7DCE1A008DB53F /* Preview Assets.xcassets */,
			);
			path = "Preview Content";
			sourceTree = "<group>";
		};
		4A3D10992A7FB0ED00E93ED0 /* Frameworks */ = {
			isa = PBXGroup;
			children = (
			);
			name = Frameworks;
			sourceTree = "<group>";
		};
		4AC816042A7F298B009182B4 /* Views */ = {
			isa = PBXGroup;
			children = (
				4AC816022A7F297C009182B4 /* MessagesView.swift */,
				4AC816052A7F2F65009182B4 /* SettingView.swift */,
				4A0865A22A7DCE19008DB53F /* LoginView.swift */,
				4A99FAFF2A7F504400EB62BB /* NewMessageView.swift */,
				4A99FB032A7F5B4D00EB62BB /* ChatLogView.swift */,
				4A3D10972A7FAE6900E93ED0 /* MainView.swift */,
			);
			path = Views;
			sourceTree = "<group>";
		};
		4AC816072A7F33F0009182B4 /* ViewModel */ = {
			isa = PBXGroup;
			children = (
				4A0865B52A7DE2B7008DB53F /* FirebaseManager.swift */,
				4AC816082A7F3475009182B4 /* MessagesViewModel.swift */,
				4A99FB012A7F518B00EB62BB /* NewMessageViewModel.swift */,
				4AA70AFB2A7F7ACD0047DBA5 /* ChatLogViewModel.swift */,
			);
			path = ViewModel;
			sourceTree = "<group>";
		};
		4AC8160A2A7F377B009182B4 /* Model */ = {
			isa = PBXGroup;
			children = (
				4AC8160B2A7F378A009182B4 /* ChatUser.swift */,
				4AA70AFD2A7F829D0047DBA5 /* ChatMessage.swift */,
				4A3D10952A7FA7CF00E93ED0 /* RecentMessage.swift */,
			);
			path = Model;
			sourceTree = "<group>";
		};
/* End PBXGroup section */

/* Begin PBXNativeTarget section */
		4A08659C2A7DCE19008DB53F /* FirebaseChat */ = {
			isa = PBXNativeTarget;
			buildConfigurationList = 4A0865AB2A7DCE1A008DB53F /* Build configuration list for PBXNativeTarget "FirebaseChat" */;
			buildPhases = (
				4A0865992A7DCE19008DB53F /* Sources */,
				4A08659A2A7DCE19008DB53F /* Frameworks */,
				4A08659B2A7DCE19008DB53F /* Resources */,
			);
			buildRules = (
			);
			dependencies = (
			);
			name = FirebaseChat;
			packageProductDependencies = (
				4A7D562E2A7E35DC007F0114 /* FirebaseAuth */,
				4A7D56302A7E35DC007F0114 /* FirebaseFirestore */,
				4A7D56322A7E35DC007F0114 /* FirebaseStorage */,
				4A3D109A2A7FB0ED00E93ED0 /* FirebaseFirestoreSwift */,
			);
			productName = FirebaseChat;
			productReference = 4A08659D2A7DCE19008DB53F /* FirebaseChat.app */;
			productType = "com.apple.product-type.application";
		};
/* End PBXNativeTarget section */

/* Begin PBXProject section */
		4A0865952A7DCE19008DB53F /* Project object */ = {
			isa = PBXProject;
			attributes = {
				BuildIndependentTargetsInParallel = 1;
				LastSwiftUpdateCheck = 1430;
				LastUpgradeCheck = 1430;
				TargetAttributes = {
					4A08659C2A7DCE19008DB53F = {
						CreatedOnToolsVersion = 14.3.1;
					};
				};
			};
			buildConfigurationList = 4A0865982A7DCE19008DB53F /* Build configuration list for PBXProject "FirebaseChat" */;
			compatibilityVersion = "Xcode 14.0";
			developmentRegion = en;
			hasScannedForEncodings = 0;
			knownRegions = (
				en,
				Base,
			);
			mainGroup = 4A0865942A7DCE19008DB53F;
			packageReferences = (
				4A7D562D2A7E35DC007F0114 /* XCRemoteSwiftPackageReference "firebase-ios-sdk" */,
			);
			productRefGroup = 4A08659E2A7DCE19008DB53F /* Products */;
			projectDirPath = "";
			projectRoot = "";
			targets = (
				4A08659C2A7DCE19008DB53F /* FirebaseChat */,
			);
		};
/* End PBXProject section */

/* Begin PBXResourcesBuildPhase section */
		4A08659B2A7DCE19008DB53F /* Resources */ = {
			isa = PBXResourcesBuildPhase;
			buildActionMask = 2147483647;
			files = (
				4A0865A82A7DCE1A008DB53F /* Preview Assets.xcassets in Resources */,
				4A0865A52A7DCE1A008DB53F /* Assets.xcassets in Resources */,
				4A0865B42A7DDE36008DB53F /* GoogleService-Info.plist in Resources */,
			);
			runOnlyForDeploymentPostprocessing = 0;
		};
/* End PBXResourcesBuildPhase section */

/* Begin PBXSourcesBuildPhase section */
		4A0865992A7DCE19008DB53F /* Sources */ = {
			isa = PBXSourcesBuildPhase;
			buildActionMask = 2147483647;
			files = (
				4A3D10962A7FA7CF00E93ED0 /* RecentMessage.swift in Sources */,
				4AC8160C2A7F378A009182B4 /* ChatUser.swift in Sources */,
				4A99FB042A7F5B4D00EB62BB /* ChatLogView.swift in Sources */,
				4A99FB002A7F504400EB62BB /* NewMessageView.swift in Sources */,
				4AA70AFC2A7F7ACD0047DBA5 /* ChatLogViewModel.swift in Sources */,
				4AA70B002A7F839C0047DBA5 /* Utilities.swift in Sources */,
				4AC816092A7F3475009182B4 /* MessagesViewModel.swift in Sources */,
				4A99FB022A7F518B00EB62BB /* NewMessageViewModel.swift in Sources */,
				4AC816032A7F297C009182B4 /* MessagesView.swift in Sources */,
				4AC816062A7F2F65009182B4 /* SettingView.swift in Sources */,
				4A0865B62A7DE2B7008DB53F /* FirebaseManager.swift in Sources */,
				4AA70AFE2A7F829D0047DBA5 /* ChatMessage.swift in Sources */,
				4A0865A32A7DCE19008DB53F /* LoginView.swift in Sources */,
				4A3D10982A7FAE6900E93ED0 /* MainView.swift in Sources */,
				4A0865A12A7DCE19008DB53F /* FirebaseChatApp.swift in Sources */,
			);
			runOnlyForDeploymentPostprocessing = 0;
		};
/* End PBXSourcesBuildPhase section */

/* Begin XCBuildConfiguration section */
		4A0865A92A7DCE1A008DB53F /* Debug */ = {
			isa = XCBuildConfiguration;
			buildSettings = {
				ALWAYS_SEARCH_USER_PATHS = NO;
				CLANG_ANALYZER_NONNULL = YES;
				CLANG_ANALYZER_NUMBER_OBJECT_CONVERSION = YES_AGGRESSIVE;
				CLANG_CXX_LANGUAGE_STANDARD = "gnu++20";
				CLANG_ENABLE_MODULES = YES;
				CLANG_ENABLE_OBJC_ARC = YES;
				CLANG_ENABLE_OBJC_WEAK = YES;
				CLANG_WARN_BLOCK_CAPTURE_AUTORELEASING = YES;
				CLANG_WARN_BOOL_CONVERSION = YES;
				CLANG_WARN_COMMA = YES;
				CLANG_WARN_CONSTANT_CONVERSION = YES;
				CLANG_WARN_DEPRECATED_OBJC_IMPLEMENTATIONS = YES;
				CLANG_WARN_DIRECT_OBJC_ISA_USAGE = YES_ERROR;
				CLANG_WARN_DOCUMENTATION_COMMENTS = YES;
				CLANG_WARN_EMPTY_BODY = YES;
				CLANG_WARN_ENUM_CONVERSION = YES;
				CLANG_WARN_INFINITE_RECURSION = YES;
				CLANG_WARN_INT_CONVERSION = YES;
				CLANG_WARN_NON_LITERAL_NULL_CONVERSION = YES;
				CLANG_WARN_OBJC_IMPLICIT_RETAIN_SELF = YES;
				CLANG_WARN_OBJC_LITERAL_CONVERSION = YES;
				CLANG_WARN_OBJC_ROOT_CLASS = YES_ERROR;
				CLANG_WARN_QUOTED_INCLUDE_IN_FRAMEWORK_HEADER = YES;
				CLANG_WARN_RANGE_LOOP_ANALYSIS = YES;
				CLANG_WARN_STRICT_PROTOTYPES = YES;
				CLANG_WARN_SUSPICIOUS_MOVE = YES;
				CLANG_WARN_UNGUARDED_AVAILABILITY = YES_AGGRESSIVE;
				CLANG_WARN_UNREACHABLE_CODE = YES;
				CLANG_WARN__DUPLICATE_METHOD_MATCH = YES;
				COPY_PHASE_STRIP = NO;
				DEBUG_INFORMATION_FORMAT = dwarf;
				ENABLE_STRICT_OBJC_MSGSEND = YES;
				ENABLE_TESTABILITY = YES;
				GCC_C_LANGUAGE_STANDARD = gnu11;
				GCC_DYNAMIC_NO_PIC = NO;
				GCC_NO_COMMON_BLOCKS = YES;
				GCC_OPTIMIZATION_LEVEL = 0;
				GCC_PREPROCESSOR_DEFINITIONS = (
					"DEBUG=1",
					"$(inherited)",
				);
				GCC_WARN_64_TO_32_BIT_CONVERSION = YES;
				GCC_WARN_ABOUT_RETURN_TYPE = YES_ERROR;
				GCC_WARN_UNDECLARED_SELECTOR = YES;
				GCC_WARN_UNINITIALIZED_AUTOS = YES_AGGRESSIVE;
				GCC_WARN_UNUSED_FUNCTION = YES;
				GCC_WARN_UNUSED_VARIABLE = YES;
				IPHONEOS_DEPLOYMENT_TARGET = 16.4;
				MTL_ENABLE_DEBUG_INFO = INCLUDE_SOURCE;
				MTL_FAST_MATH = YES;
				ONLY_ACTIVE_ARCH = YES;
				SDKROOT = iphoneos;
				SWIFT_ACTIVE_COMPILATION_CONDITIONS = DEBUG;
				SWIFT_OPTIMIZATION_LEVEL = "-Onone";
			};
			name = Debug;
		};
		4A0865AA2A7DCE1A008DB53F /* Release */ = {
			isa = XCBuildConfiguration;
			buildSettings = {
				ALWAYS_SEARCH_USER_PATHS = NO;
				CLANG_ANALYZER_NONNULL = YES;
				CLANG_ANALYZER_NUMBER_OBJECT_CONVERSION = YES_AGGRESSIVE;
				CLANG_CXX_LANGUAGE_STANDARD = "gnu++20";
				CLANG_ENABLE_MODULES = YES;
				CLANG_ENABLE_OBJC_ARC = YES;
				CLANG_ENABLE_OBJC_WEAK = YES;
				CLANG_WARN_BLOCK_CAPTURE_AUTORELEASING = YES;
				CLANG_WARN_BOOL_CONVERSION = YES;
				CLANG_WARN_COMMA = YES;
				CLANG_WARN_CONSTANT_CONVERSION = YES;
				CLANG_WARN_DEPRECATED_OBJC_IMPLEMENTATIONS = YES;
				CLANG_WARN_DIRECT_OBJC_ISA_USAGE = YES_ERROR;
				CLANG_WARN_DOCUMENTATION_COMMENTS = YES;
				CLANG_WARN_EMPTY_BODY = YES;
				CLANG_WARN_ENUM_CONVERSION = YES;
				CLANG_WARN_INFINITE_RECURSION = YES;
				CLANG_WARN_INT_CONVERSION = YES;
				CLANG_WARN_NON_LITERAL_NULL_CONVERSION = YES;
				CLANG_WARN_OBJC_IMPLICIT_RETAIN_SELF = YES;
				CLANG_WARN_OBJC_LITERAL_CONVERSION = YES;
				CLANG_WARN_OBJC_ROOT_CLASS = YES_ERROR;
				CLANG_WARN_QUOTED_INCLUDE_IN_FRAMEWORK_HEADER = YES;
				CLANG_WARN_RANGE_LOOP_ANALYSIS = YES;
				CLANG_WARN_STRICT_PROTOTYPES = YES;
				CLANG_WARN_SUSPICIOUS_MOVE = YES;
				CLANG_WARN_UNGUARDED_AVAILABILITY = YES_AGGRESSIVE;
				CLANG_WARN_UNREACHABLE_CODE = YES;
				CLANG_WARN__DUPLICATE_METHOD_MATCH = YES;
				COPY_PHASE_STRIP = NO;
				DEBUG_INFORMATION_FORMAT = "dwarf-with-dsym";
				ENABLE_NS_ASSERTIONS = NO;
				ENABLE_STRICT_OBJC_MSGSEND = YES;
				GCC_C_LANGUAGE_STANDARD = gnu11;
				GCC_NO_COMMON_BLOCKS = YES;
				GCC_WARN_64_TO_32_BIT_CONVERSION = YES;
				GCC_WARN_ABOUT_RETURN_TYPE = YES_ERROR;
				GCC_WARN_UNDECLARED_SELECTOR = YES;
				GCC_WARN_UNINITIALIZED_AUTOS = YES_AGGRESSIVE;
				GCC_WARN_UNUSED_FUNCTION = YES;
				GCC_WARN_UNUSED_VARIABLE = YES;
				IPHONEOS_DEPLOYMENT_TARGET = 16.4;
				MTL_ENABLE_DEBUG_INFO = NO;
				MTL_FAST_MATH = YES;
				SDKROOT = iphoneos;
				SWIFT_COMPILATION_MODE = wholemodule;
				SWIFT_OPTIMIZATION_LEVEL = "-O";
				VALIDATE_PRODUCT = YES;
			};
			name = Release;
		};
		4A0865AC2A7DCE1A008DB53F /* Debug */ = {
			isa = XCBuildConfiguration;
			buildSettings = {
				ASSETCATALOG_COMPILER_APPICON_NAME = AppIcon;
				ASSETCATALOG_COMPILER_GLOBAL_ACCENT_COLOR_NAME = AccentColor;
				CODE_SIGN_STYLE = Automatic;
				CURRENT_PROJECT_VERSION = 1;
				DEVELOPMENT_ASSET_PATHS = "\"FirebaseChat/Preview Content\"";
				DEVELOPMENT_TEAM = 96B293Z3Y9;
				ENABLE_PREVIEWS = YES;
				GENERATE_INFOPLIST_FILE = YES;
				INFOPLIST_KEY_UIApplicationSceneManifest_Generation = YES;
				INFOPLIST_KEY_UIApplicationSupportsIndirectInputEvents = YES;
				INFOPLIST_KEY_UILaunchScreen_Generation = YES;
				INFOPLIST_KEY_UISupportedInterfaceOrientations_iPad = "UIInterfaceOrientationPortrait UIInterfaceOrientationPortraitUpsideDown UIInterfaceOrientationLandscapeLeft UIInterfaceOrientationLandscapeRight";
				INFOPLIST_KEY_UISupportedInterfaceOrientations_iPhone = "UIInterfaceOrientationPortrait UIInterfaceOrientationLandscapeLeft UIInterfaceOrientationLandscapeRight";
				IPHONEOS_DEPLOYMENT_TARGET = 16.0;
				LD_RUNPATH_SEARCH_PATHS = (
					"$(inherited)",
					"@executable_path/Frameworks",
				);
				MARKETING_VERSION = 1.0;
				PRODUCT_BUNDLE_IDENTIFIER = mystic.FirebaseChat;
				PRODUCT_NAME = "$(TARGET_NAME)";
				SWIFT_EMIT_LOC_STRINGS = YES;
				SWIFT_VERSION = 5.0;
				TARGETED_DEVICE_FAMILY = "1,2";
			};
			name = Debug;
		};
		4A0865AD2A7DCE1A008DB53F /* Release */ = {
			isa = XCBuildConfiguration;
			buildSettings = {
				ASSETCATALOG_COMPILER_APPICON_NAME = AppIcon;
				ASSETCATALOG_COMPILER_GLOBAL_ACCENT_COLOR_NAME = AccentColor;
				CODE_SIGN_STYLE = Automatic;
				CURRENT_PROJECT_VERSION = 1;
				DEVELOPMENT_ASSET_PATHS = "\"FirebaseChat/Preview Content\"";
				DEVELOPMENT_TEAM = 96B293Z3Y9;
				ENABLE_PREVIEWS = YES;
				GENERATE_INFOPLIST_FILE = YES;
				INFOPLIST_KEY_UIApplicationSceneManifest_Generation = YES;
				INFOPLIST_KEY_UIApplicationSupportsIndirectInputEvents = YES;
				INFOPLIST_KEY_UILaunchScreen_Generation = YES;
				INFOPLIST_KEY_UISupportedInterfaceOrientations_iPad = "UIInterfaceOrientationPortrait UIInterfaceOrientationPortraitUpsideDown UIInterfaceOrientationLandscapeLeft UIInterfaceOrientationLandscapeRight";
				INFOPLIST_KEY_UISupportedInterfaceOrientations_iPhone = "UIInterfaceOrientationPortrait UIInterfaceOrientationLandscapeLeft UIInterfaceOrientationLandscapeRight";
				IPHONEOS_DEPLOYMENT_TARGET = 16.0;
				LD_RUNPATH_SEARCH_PATHS = (
					"$(inherited)",
					"@executable_path/Frameworks",
				);
				MARKETING_VERSION = 1.0;
				PRODUCT_BUNDLE_IDENTIFIER = mystic.FirebaseChat;
				PRODUCT_NAME = "$(TARGET_NAME)";
				SWIFT_EMIT_LOC_STRINGS = YES;
				SWIFT_VERSION = 5.0;
				TARGETED_DEVICE_FAMILY = "1,2";
			};
			name = Release;
		};
/* End XCBuildConfiguration section */

/* Begin XCConfigurationList section */
		4A0865982A7DCE19008DB53F /* Build configuration list for PBXProject "FirebaseChat" */ = {
			isa = XCConfigurationList;
			buildConfigurations = (
				4A0865A92A7DCE1A008DB53F /* Debug */,
				4A0865AA2A7DCE1A008DB53F /* Release */,
			);
			defaultConfigurationIsVisible = 0;
			defaultConfigurationName = Release;
		};
		4A0865AB2A7DCE1A008DB53F /* Build configuration list for PBXNativeTarget "FirebaseChat" */ = {
			isa = XCConfigurationList;
			buildConfigurations = (
				4A0865AC2A7DCE1A008DB53F /* Debug */,
				4A0865AD2A7DCE1A008DB53F /* Release */,
			);
			defaultConfigurationIsVisible = 0;
			defaultConfigurationName = Release;
		};
/* End XCConfigurationList section */

/* Begin XCRemoteSwiftPackageReference section */
		4A7D562D2A7E35DC007F0114 /* XCRemoteSwiftPackageReference "firebase-ios-sdk" */ = {
			isa = XCRemoteSwiftPackageReference;
			repositoryURL = "https://github.com/firebase/firebase-ios-sdk";
			requirement = {
				kind = upToNextMajorVersion;
				minimumVersion = 10.0.0;
			};
		};
/* End XCRemoteSwiftPackageReference section */

/* Begin XCSwiftPackageProductDependency section */
		4A3D109A2A7FB0ED00E93ED0 /* FirebaseFirestoreSwift */ = {
			isa = XCSwiftPackageProductDependency;
			package = 4A7D562D2A7E35DC007F0114 /* XCRemoteSwiftPackageReference "firebase-ios-sdk" */;
			productName = FirebaseFirestoreSwift;
		};
		4A7D562E2A7E35DC007F0114 /* FirebaseAuth */ = {
			isa = XCSwiftPackageProductDependency;
			package = 4A7D562D2A7E35DC007F0114 /* XCRemoteSwiftPackageReference "firebase-ios-sdk" */;
			productName = FirebaseAuth;
		};
		4A7D56302A7E35DC007F0114 /* FirebaseFirestore */ = {
			isa = XCSwiftPackageProductDependency;
			package = 4A7D562D2A7E35DC007F0114 /* XCRemoteSwiftPackageReference "firebase-ios-sdk" */;
			productName = FirebaseFirestore;
		};
		4A7D56322A7E35DC007F0114 /* FirebaseStorage */ = {
			isa = XCSwiftPackageProductDependency;
			package = 4A7D562D2A7E35DC007F0114 /* XCRemoteSwiftPackageReference "firebase-ios-sdk" */;
			productName = FirebaseStorage;
		};
/* End XCSwiftPackageProductDependency section */
	};
	rootObject = 4A0865952A7DCE19008DB53F /* Project object */;
}
