// !$*UTF8*$!
{
	archiveVersion = 1;
	classes = {
	};
	objectVersion = 56;
	objects = {

/* Begin PBXBuildFile section */
		4A6471B1285F330000F383A0 /* ObjectRecognitionApp.swift in Sources */ = {isa = PBXBuildFile; fileRef = 4A6471B0285F330000F383A0 /* ObjectRecognitionApp.swift */; };
		4A6471B3285F330000F383A0 /* ContentView.swift in Sources */ = {isa = PBXBuildFile; fileRef = 4A6471B2285F330000F383A0 /* ContentView.swift */; };
		4A6471B5285F330300F383A0 /* Assets.xcassets in Resources */ = {isa = PBXBuildFile; fileRef = 4A6471B4285F330300F383A0 /* Assets.xcassets */; };
		4A6471B8285F330300F383A0 /* Preview Assets.xcassets in Resources */ = {isa = PBXBuildFile; fileRef = 4A6471B7285F330300F383A0 /* Preview Assets.xcassets */; };
		4A6471BF285F332500F383A0 /* VideoView.swift in Sources */ = {isa = PBXBuildFile; fileRef = 4A6471BE285F332500F383A0 /* VideoView.swift */; };
		4A6471C1285F335000F383A0 /* VideoCapture.swift in Sources */ = {isa = PBXBuildFile; fileRef = 4A6471C0285F335000F383A0 /* VideoCapture.swift */; };
		4A6471C3285F336300F383A0 /* CIImage.swift in Sources */ = {isa = PBXBuildFile; fileRef = 4A6471C2285F336300F383A0 /* CIImage.swift */; };
		4A6471C5285F338400F383A0 /* PreViewView.swift in Sources */ = {isa = PBXBuildFile; fileRef = 4A6471C4285F338400F383A0 /* PreViewView.swift */; };
		4AED5F5B285F35130091EAD1 /* Inceptionv3.mlmodel in Sources */ = {isa = PBXBuildFile; fileRef = 4AED5F5A285F35130091EAD1 /* Inceptionv3.mlmodel */; };
/* End PBXBuildFile section */

/* Begin PBXFileReference section */
		4A6471AD285F330000F383A0 /* ObjectRecognition.app */ = {isa = PBXFileReference; explicitFileType = wrapper.application; includeInIndex = 0; path = ObjectRecognition.app; sourceTree = BUILT_PRODUCTS_DIR; };
		4A6471B0285F330000F383A0 /* ObjectRecognitionApp.swift */ = {isa = PBXFileReference; lastKnownFileType = sourcecode.swift; path = ObjectRecognitionApp.swift; sourceTree = "<group>"; };
		4A6471B2285F330000F383A0 /* ContentView.swift */ = {isa = PBXFileReference; lastKnownFileType = sourcecode.swift; path = ContentView.swift; sourceTree = "<group>"; };
		4A6471B4285F330300F383A0 /* Assets.xcassets */ = {isa = PBXFileReference; lastKnownFileType = folder.assetcatalog; path = Assets.xcassets; sourceTree = "<group>"; };
		4A6471B7285F330300F383A0 /* Preview Assets.xcassets */ = {isa = PBXFileReference; lastKnownFileType = folder.assetcatalog; path = "Preview Assets.xcassets"; sourceTree = "<group>"; };
		4A6471BE285F332500F383A0 /* VideoView.swift */ = {isa = PBXFileReference; lastKnownFileType = sourcecode.swift; path = VideoView.swift; sourceTree = "<group>"; };
		4A6471C0285F335000F383A0 /* VideoCapture.swift */ = {isa = PBXFileReference; lastKnownFileType = sourcecode.swift; path = VideoCapture.swift; sourceTree = "<group>"; };
		4A6471C2285F336300F383A0 /* CIImage.swift */ = {isa = PBXFileReference; lastKnownFileType = sourcecode.swift; path = CIImage.swift; sourceTree = "<group>"; };
		4A6471C4285F338400F383A0 /* PreViewView.swift */ = {isa = PBXFileReference; lastKnownFileType = sourcecode.swift; path = PreViewView.swift; sourceTree = "<group>"; };
		4AED5F5A285F35130091EAD1 /* Inceptionv3.mlmodel */ = {isa = PBXFileReference; lastKnownFileType = file.mlmodel; path = Inceptionv3.mlmodel; sourceTree = "<group>"; };
/* End PBXFileReference section */

/* Begin PBXFrameworksBuildPhase section */
		4A6471AA285F330000F383A0 /* Frameworks */ = {
			isa = PBXFrameworksBuildPhase;
			buildActionMask = 2147483647;
			files = (
			);
			runOnlyForDeploymentPostprocessing = 0;
		};
/* End PBXFrameworksBuildPhase section */

/* Begin PBXGroup section */
		4A6471A4285F330000F383A0 = {
			isa = PBXGroup;
			children = (
				4A6471AF285F330000F383A0 /* ObjectRecognition */,
				4A6471AE285F330000F383A0 /* Products */,
			);
			sourceTree = "<group>";
		};
		4A6471AE285F330000F383A0 /* Products */ = {
			isa = PBXGroup;
			children = (
				4A6471AD285F330000F383A0 /* ObjectRecognition.app */,
			);
			name = Products;
			sourceTree = "<group>";
		};
		4A6471AF285F330000F383A0 /* ObjectRecognition */ = {
			isa = PBXGroup;
			children = (
				4A6471B0285F330000F383A0 /* ObjectRecognitionApp.swift */,
				4A6471B2285F330000F383A0 /* ContentView.swift */,
				4A6471BE285F332500F383A0 /* VideoView.swift */,
				4A6471C0285F335000F383A0 /* VideoCapture.swift */,
				4AED5F5A285F35130091EAD1 /* Inceptionv3.mlmodel */,
				4A6471C2285F336300F383A0 /* CIImage.swift */,
				4A6471C4285F338400F383A0 /* PreViewView.swift */,
				4A6471B4285F330300F383A0 /* Assets.xcassets */,
				4A6471B6285F330300F383A0 /* Preview Content */,
			);
			path = ObjectRecognition;
			sourceTree = "<group>";
		};
		4A6471B6285F330300F383A0 /* Preview Content */ = {
			isa = PBXGroup;
			children = (
				4A6471B7285F330300F383A0 /* Preview Assets.xcassets */,
			);
			path = "Preview Content";
			sourceTree = "<group>";
		};
/* End PBXGroup section */

/* Begin PBXNativeTarget section */
		4A6471AC285F330000F383A0 /* ObjectRecognition */ = {
			isa = PBXNativeTarget;
			buildConfigurationList = 4A6471BB285F330300F383A0 /* Build configuration list for PBXNativeTarget "ObjectRecognition" */;
			buildPhases = (
				4A6471A9285F330000F383A0 /* Sources */,
				4A6471AA285F330000F383A0 /* Frameworks */,
				4A6471AB285F330000F383A0 /* Resources */,
			);
			buildRules = (
			);
			dependencies = (
			);
			name = ObjectRecognition;
			productName = ObjectRecognition;
			productReference = 4A6471AD285F330000F383A0 /* ObjectRecognition.app */;
			productType = "com.apple.product-type.application";
		};
/* End PBXNativeTarget section */

/* Begin PBXProject section */
		4A6471A5285F330000F383A0 /* Project object */ = {
			isa = PBXProject;
			attributes = {
				BuildIndependentTargetsInParallel = 1;
				LastSwiftUpdateCheck = 1400;
				LastUpgradeCheck = 1400;
				TargetAttributes = {
					4A6471AC285F330000F383A0 = {
						CreatedOnToolsVersion = 14.0;
					};
				};
			};
			buildConfigurationList = 4A6471A8285F330000F383A0 /* Build configuration list for PBXProject "ObjectRecognition" */;
			compatibilityVersion = "Xcode 14.0";
			developmentRegion = en;
			hasScannedForEncodings = 0;
			knownRegions = (
				en,
				Base,
			);
			mainGroup = 4A6471A4285F330000F383A0;
			productRefGroup = 4A6471AE285F330000F383A0 /* Products */;
			projectDirPath = "";
			projectRoot = "";
			targets = (
				4A6471AC285F330000F383A0 /* ObjectRecognition */,
			);
		};
/* End PBXProject section */

/* Begin PBXResourcesBuildPhase section */
		4A6471AB285F330000F383A0 /* Resources */ = {
			isa = PBXResourcesBuildPhase;
			buildActionMask = 2147483647;
			files = (
				4A6471B8285F330300F383A0 /* Preview Assets.xcassets in Resources */,
				4A6471B5285F330300F383A0 /* Assets.xcassets in Resources */,
			);
			runOnlyForDeploymentPostprocessing = 0;
		};
/* End PBXResourcesBuildPhase section */

/* Begin PBXSourcesBuildPhase section */
		4A6471A9285F330000F383A0 /* Sources */ = {
			isa = PBXSourcesBuildPhase;
			buildActionMask = 2147483647;
			files = (
				4A6471C3285F336300F383A0 /* CIImage.swift in Sources */,
				4A6471C1285F335000F383A0 /* VideoCapture.swift in Sources */,
				4A6471BF285F332500F383A0 /* VideoView.swift in Sources */,
				4A6471C5285F338400F383A0 /* PreViewView.swift in Sources */,
				4A6471B3285F330000F383A0 /* ContentView.swift in Sources */,
				4A6471B1285F330000F383A0 /* ObjectRecognitionApp.swift in Sources */,
				4AED5F5B285F35130091EAD1 /* Inceptionv3.mlmodel in Sources */,
			);
			runOnlyForDeploymentPostprocessing = 0;
		};
/* End PBXSourcesBuildPhase section */

/* Begin XCBuildConfiguration section */
		4A6471B9285F330300F383A0 /* Debug */ = {
			isa = XCBuildConfiguration;
			buildSettings = {
				ALWAYS_SEARCH_USER_PATHS = NO;
				CLANG_ANALYZER_NONNULL = YES;
				CLANG_ANALYZER_NUMBER_OBJECT_CONVERSION = YES_AGGRESSIVE;
				CLANG_CXX_LANGUAGE_STANDARD = "gnu++17";
				CLANG_ENABLE_MODULES = YES;
				CLANG_ENABLE_OBJC_ARC = YES;
				CLANG_ENABLE_OBJC_WEAK = YES;
				CLANG_WARN_BLOCK_CAPTURE_AUTORELEASING = YES;
				CLANG_WARN_BOOL_CONVERSION = YES;
				CLANG_WARN_COMMA = YES;
				CLANG_WARN_CONSTANT_CONVERSION = YES;
				CLANG_WARN_DEPRECATED_OBJC_IMPLEMENTATIONS = YES;
				CLANG_WARN_DIRECT_OBJC_ISA_USAGE = YES_ERROR;
				CLANG_WARN_DOCUMENTATION_COMMENTS = YES;
				CLANG_WARN_EMPTY_BODY = YES;
				CLANG_WARN_ENUM_CONVERSION = YES;
				CLANG_WARN_INFINITE_RECURSION = YES;
				CLANG_WARN_INT_CONVERSION = YES;
				CLANG_WARN_NON_LITERAL_NULL_CONVERSION = YES;
				CLANG_WARN_OBJC_IMPLICIT_RETAIN_SELF = YES;
				CLANG_WARN_OBJC_LITERAL_CONVERSION = YES;
				CLANG_WARN_OBJC_ROOT_CLASS = YES_ERROR;
				CLANG_WARN_QUOTED_INCLUDE_IN_FRAMEWORK_HEADER = YES;
				CLANG_WARN_RANGE_LOOP_ANALYSIS = YES;
				CLANG_WARN_STRICT_PROTOTYPES = YES;
				CLANG_WARN_SUSPICIOUS_MOVE = YES;
				CLANG_WARN_UNGUARDED_AVAILABILITY = YES_AGGRESSIVE;
				CLANG_WARN_UNREACHABLE_CODE = YES;
				CLANG_WARN__DUPLICATE_METHOD_MATCH = YES;
				COPY_PHASE_STRIP = NO;
				DEBUG_INFORMATION_FORMAT = dwarf;
				ENABLE_STRICT_OBJC_MSGSEND = YES;
				ENABLE_TESTABILITY = YES;
				GCC_C_LANGUAGE_STANDARD = gnu11;
				GCC_DYNAMIC_NO_PIC = NO;
				GCC_NO_COMMON_BLOCKS = YES;
				GCC_OPTIMIZATION_LEVEL = 0;
				GCC_PREPROCESSOR_DEFINITIONS = (
					"DEBUG=1",
					"$(inherited)",
				);
				GCC_WARN_64_TO_32_BIT_CONVERSION = YES;
				GCC_WARN_ABOUT_RETURN_TYPE = YES_ERROR;
				GCC_WARN_UNDECLARED_SELECTOR = YES;
				GCC_WARN_UNINITIALIZED_AUTOS = YES_AGGRESSIVE;
				GCC_WARN_UNUSED_FUNCTION = YES;
				GCC_WARN_UNUSED_VARIABLE = YES;
				IPHONEOS_DEPLOYMENT_TARGET = 16.0;
				MTL_ENABLE_DEBUG_INFO = INCLUDE_SOURCE;
				MTL_FAST_MATH = YES;
				ONLY_ACTIVE_ARCH = YES;
				SDKROOT = iphoneos;
				SWIFT_ACTIVE_COMPILATION_CONDITIONS = DEBUG;
				SWIFT_OPTIMIZATION_LEVEL = "-Onone";
			};
			name = Debug;
		};
		4A6471BA285F330300F383A0 /* Release */ = {
			isa = XCBuildConfiguration;
			buildSettings = {
				ALWAYS_SEARCH_USER_PATHS = NO;
				CLANG_ANALYZER_NONNULL = YES;
				CLANG_ANALYZER_NUMBER_OBJECT_CONVERSION = YES_AGGRESSIVE;
				CLANG_CXX_LANGUAGE_STANDARD = "gnu++17";
				CLANG_ENABLE_MODULES = YES;
				CLANG_ENABLE_OBJC_ARC = YES;
				CLANG_ENABLE_OBJC_WEAK = YES;
				CLANG_WARN_BLOCK_CAPTURE_AUTORELEASING = YES;
				CLANG_WARN_BOOL_CONVERSION = YES;
				CLANG_WARN_COMMA = YES;
				CLANG_WARN_CONSTANT_CONVERSION = YES;
				CLANG_WARN_DEPRECATED_OBJC_IMPLEMENTATIONS = YES;
				CLANG_WARN_DIRECT_OBJC_ISA_USAGE = YES_ERROR;
				CLANG_WARN_DOCUMENTATION_COMMENTS = YES;
				CLANG_WARN_EMPTY_BODY = YES;
				CLANG_WARN_ENUM_CONVERSION = YES;
				CLANG_WARN_INFINITE_RECURSION = YES;
				CLANG_WARN_INT_CONVERSION = YES;
				CLANG_WARN_NON_LITERAL_NULL_CONVERSION = YES;
				CLANG_WARN_OBJC_IMPLICIT_RETAIN_SELF = YES;
				CLANG_WARN_OBJC_LITERAL_CONVERSION = YES;
				CLANG_WARN_OBJC_ROOT_CLASS = YES_ERROR;
				CLANG_WARN_QUOTED_INCLUDE_IN_FRAMEWORK_HEADER = YES;
				CLANG_WARN_RANGE_LOOP_ANALYSIS = YES;
				CLANG_WARN_STRICT_PROTOTYPES = YES;
				CLANG_WARN_SUSPICIOUS_MOVE = YES;
				CLANG_WARN_UNGUARDED_AVAILABILITY = YES_AGGRESSIVE;
				CLANG_WARN_UNREACHABLE_CODE = YES;
				CLANG_WARN__DUPLICATE_METHOD_MATCH = YES;
				COPY_PHASE_STRIP = NO;
				DEBUG_INFORMATION_FORMAT = "dwarf-with-dsym";
				ENABLE_NS_ASSERTIONS = NO;
				ENABLE_STRICT_OBJC_MSGSEND = YES;
				GCC_C_LANGUAGE_STANDARD = gnu11;
				GCC_NO_COMMON_BLOCKS = YES;
				GCC_WARN_64_TO_32_BIT_CONVERSION = YES;
				GCC_WARN_ABOUT_RETURN_TYPE = YES_ERROR;
				GCC_WARN_UNDECLARED_SELECTOR = YES;
				GCC_WARN_UNINITIALIZED_AUTOS = YES_AGGRESSIVE;
				GCC_WARN_UNUSED_FUNCTION = YES;
				GCC_WARN_UNUSED_VARIABLE = YES;
				IPHONEOS_DEPLOYMENT_TARGET = 16.0;
				MTL_ENABLE_DEBUG_INFO = NO;
				MTL_FAST_MATH = YES;
				SDKROOT = iphoneos;
				SWIFT_COMPILATION_MODE = wholemodule;
				SWIFT_OPTIMIZATION_LEVEL = "-O";
				VALIDATE_PRODUCT = YES;
			};
			name = Release;
		};
		4A6471BC285F330300F383A0 /* Debug */ = {
			isa = XCBuildConfiguration;
			buildSettings = {
				ASSETCATALOG_COMPILER_APPICON_NAME = AppIcon;
				ASSETCATALOG_COMPILER_GLOBAL_ACCENT_COLOR_NAME = AccentColor;
				CODE_SIGN_STYLE = Automatic;
				CURRENT_PROJECT_VERSION = 1;
				DEVELOPMENT_ASSET_PATHS = "\"ObjectRecognition/Preview Content\"";
				DEVELOPMENT_TEAM = 96B293Z3Y9;
				ENABLE_PREVIEWS = YES;
				GENERATE_INFOPLIST_FILE = YES;
				INFOPLIST_KEY_NSCameraUsageDescription = "";
				INFOPLIST_KEY_UIApplicationSceneManifest_Generation = YES;
				INFOPLIST_KEY_UIApplicationSupportsIndirectInputEvents = YES;
				INFOPLIST_KEY_UILaunchScreen_Generation = YES;
				INFOPLIST_KEY_UISupportedInterfaceOrientations_iPad = "UIInterfaceOrientationPortrait UIInterfaceOrientationPortraitUpsideDown UIInterfaceOrientationLandscapeLeft UIInterfaceOrientationLandscapeRight";
				INFOPLIST_KEY_UISupportedInterfaceOrientations_iPhone = "UIInterfaceOrientationPortrait UIInterfaceOrientationLandscapeLeft UIInterfaceOrientationLandscapeRight";
				IPHONEOS_DEPLOYMENT_TARGET = 15.3;
				LD_RUNPATH_SEARCH_PATHS = (
					"$(inherited)",
					"@executable_path/Frameworks",
				);
				MARKETING_VERSION = 1.0;
				PRODUCT_BUNDLE_IDENTIFIER = mystic.ObjectRecognition;
				PRODUCT_NAME = "$(TARGET_NAME)";
				SWIFT_EMIT_LOC_STRINGS = YES;
				SWIFT_VERSION = 5.0;
				TARGETED_DEVICE_FAMILY = "1,2";
			};
			name = Debug;
		};
		4A6471BD285F330300F383A0 /* Release */ = {
			isa = XCBuildConfiguration;
			buildSettings = {
				ASSETCATALOG_COMPILER_APPICON_NAME = AppIcon;
				ASSETCATALOG_COMPILER_GLOBAL_ACCENT_COLOR_NAME = AccentColor;
				CODE_SIGN_STYLE = Automatic;
				CURRENT_PROJECT_VERSION = 1;
				DEVELOPMENT_ASSET_PATHS = "\"ObjectRecognition/Preview Content\"";
				DEVELOPMENT_TEAM = 96B293Z3Y9;
				ENABLE_PREVIEWS = YES;
				GENERATE_INFOPLIST_FILE = YES;
				INFOPLIST_KEY_NSCameraUsageDescription = "";
				INFOPLIST_KEY_UIApplicationSceneManifest_Generation = YES;
				INFOPLIST_KEY_UIApplicationSupportsIndirectInputEvents = YES;
				INFOPLIST_KEY_UILaunchScreen_Generation = YES;
				INFOPLIST_KEY_UISupportedInterfaceOrientations_iPad = "UIInterfaceOrientationPortrait UIInterfaceOrientationPortraitUpsideDown UIInterfaceOrientationLandscapeLeft UIInterfaceOrientationLandscapeRight";
				INFOPLIST_KEY_UISupportedInterfaceOrientations_iPhone = "UIInterfaceOrientationPortrait UIInterfaceOrientationLandscapeLeft UIInterfaceOrientationLandscapeRight";
				IPHONEOS_DEPLOYMENT_TARGET = 15.3;
				LD_RUNPATH_SEARCH_PATHS = (
					"$(inherited)",
					"@executable_path/Frameworks",
				);
				MARKETING_VERSION = 1.0;
				PRODUCT_BUNDLE_IDENTIFIER = mystic.ObjectRecognition;
				PRODUCT_NAME = "$(TARGET_NAME)";
				SWIFT_EMIT_LOC_STRINGS = YES;
				SWIFT_VERSION = 5.0;
				TARGETED_DEVICE_FAMILY = "1,2";
			};
			name = Release;
		};
/* End XCBuildConfiguration section */

/* Begin XCConfigurationList section */
		4A6471A8285F330000F383A0 /* Build configuration list for PBXProject "ObjectRecognition" */ = {
			isa = XCConfigurationList;
			buildConfigurations = (
				4A6471B9285F330300F383A0 /* Debug */,
				4A6471BA285F330300F383A0 /* Release */,
			);
			defaultConfigurationIsVisible = 0;
			defaultConfigurationName = Release;
		};
		4A6471BB285F330300F383A0 /* Build configuration list for PBXNativeTarget "ObjectRecognition" */ = {
			isa = XCConfigurationList;
			buildConfigurations = (
				4A6471BC285F330300F383A0 /* Debug */,
				4A6471BD285F330300F383A0 /* Release */,
			);
			defaultConfigurationIsVisible = 0;
			defaultConfigurationName = Release;
		};
/* End XCConfigurationList section */
	};
	rootObject = 4A6471A5285F330000F383A0 /* Project object */;
}
