// !$*UTF8*$!
{
	archiveVersion = 1;
	classes = {
	};
	objectVersion = 55;
	objects = {

/* Begin PBXBuildFile section */
		4AE27A3A282797DE00BB4E54 /* Image_PickerApp.swift in Sources */ = {isa = PBXBuildFile; fileRef = 4AE27A39282797DE00BB4E54 /* Image_PickerApp.swift */; };
		4AE27A3C282797DE00BB4E54 /* ContentView.swift in Sources */ = {isa = PBXBuildFile; fileRef = 4AE27A3B282797DE00BB4E54 /* ContentView.swift */; };
		4AE27A3E282797E400BB4E54 /* Assets.xcassets in Resources */ = {isa = PBXBuildFile; fileRef = 4AE27A3D282797E400BB4E54 /* Assets.xcassets */; };
		4AE27A41282797E400BB4E54 /* Preview Assets.xcassets in Resources */ = {isa = PBXBuildFile; fileRef = 4AE27A40282797E400BB4E54 /* Preview Assets.xcassets */; };
		4AE27A492827983200BB4E54 /* ImagePickerView in Frameworks */ = {isa = PBXBuildFile; productRef = 4AE27A482827983200BB4E54 /* ImagePickerView */; };
		4AE27A4B2827984200BB4E54 /* UIImagepicker.swift in Sources */ = {isa = PBXBuildFile; fileRef = 4AE27A4A2827984200BB4E54 /* UIImagepicker.swift */; };
		4AE27A4D2827988500BB4E54 /* Imagepicker.swift in Sources */ = {isa = PBXBuildFile; fileRef = 4AE27A4C2827988500BB4E54 /* Imagepicker.swift */; };
/* End PBXBuildFile section */

/* Begin PBXFileReference section */
		4AE27A36282797DE00BB4E54 /* Image Picker.app */ = {isa = PBXFileReference; explicitFileType = wrapper.application; includeInIndex = 0; path = "Image Picker.app"; sourceTree = BUILT_PRODUCTS_DIR; };
		4AE27A39282797DE00BB4E54 /* Image_PickerApp.swift */ = {isa = PBXFileReference; lastKnownFileType = sourcecode.swift; path = Image_PickerApp.swift; sourceTree = "<group>"; };
		4AE27A3B282797DE00BB4E54 /* ContentView.swift */ = {isa = PBXFileReference; lastKnownFileType = sourcecode.swift; path = ContentView.swift; sourceTree = "<group>"; };
		4AE27A3D282797E400BB4E54 /* Assets.xcassets */ = {isa = PBXFileReference; lastKnownFileType = folder.assetcatalog; path = Assets.xcassets; sourceTree = "<group>"; };
		4AE27A40282797E400BB4E54 /* Preview Assets.xcassets */ = {isa = PBXFileReference; lastKnownFileType = folder.assetcatalog; path = "Preview Assets.xcassets"; sourceTree = "<group>"; };
		4AE27A4A2827984200BB4E54 /* UIImagepicker.swift */ = {isa = PBXFileReference; lastKnownFileType = sourcecode.swift; path = UIImagepicker.swift; sourceTree = "<group>"; };
		4AE27A4C2827988500BB4E54 /* Imagepicker.swift */ = {isa = PBXFileReference; lastKnownFileType = sourcecode.swift; path = Imagepicker.swift; sourceTree = "<group>"; };
/* End PBXFileReference section */

/* Begin PBXFrameworksBuildPhase section */
		4AE27A33282797DE00BB4E54 /* Frameworks */ = {
			isa = PBXFrameworksBuildPhase;
			buildActionMask = 2147483647;
			files = (
				4AE27A492827983200BB4E54 /* ImagePickerView in Frameworks */,
			);
			runOnlyForDeploymentPostprocessing = 0;
		};
/* End PBXFrameworksBuildPhase section */

/* Begin PBXGroup section */
		4AE27A2D282797DE00BB4E54 = {
			isa = PBXGroup;
			children = (
				4AE27A38282797DE00BB4E54 /* Image Picker */,
				4AE27A37282797DE00BB4E54 /* Products */,
			);
			sourceTree = "<group>";
		};
		4AE27A37282797DE00BB4E54 /* Products */ = {
			isa = PBXGroup;
			children = (
				4AE27A36282797DE00BB4E54 /* Image Picker.app */,
			);
			name = Products;
			sourceTree = "<group>";
		};
		4AE27A38282797DE00BB4E54 /* Image Picker */ = {
			isa = PBXGroup;
			children = (
				4AE27A39282797DE00BB4E54 /* Image_PickerApp.swift */,
				4AE27A3B282797DE00BB4E54 /* ContentView.swift */,
				4AE27A4A2827984200BB4E54 /* UIImagepicker.swift */,
				4AE27A4C2827988500BB4E54 /* Imagepicker.swift */,
				4AE27A3D282797E400BB4E54 /* Assets.xcassets */,
				4AE27A3F282797E400BB4E54 /* Preview Content */,
			);
			path = "Image Picker";
			sourceTree = "<group>";
		};
		4AE27A3F282797E400BB4E54 /* Preview Content */ = {
			isa = PBXGroup;
			children = (
				4AE27A40282797E400BB4E54 /* Preview Assets.xcassets */,
			);
			path = "Preview Content";
			sourceTree = "<group>";
		};
/* End PBXGroup section */

/* Begin PBXNativeTarget section */
		4AE27A35282797DE00BB4E54 /* Image Picker */ = {
			isa = PBXNativeTarget;
			buildConfigurationList = 4AE27A44282797E400BB4E54 /* Build configuration list for PBXNativeTarget "Image Picker" */;
			buildPhases = (
				4AE27A32282797DE00BB4E54 /* Sources */,
				4AE27A33282797DE00BB4E54 /* Frameworks */,
				4AE27A34282797DE00BB4E54 /* Resources */,
			);
			buildRules = (
			);
			dependencies = (
			);
			name = "Image Picker";
			packageProductDependencies = (
				4AE27A482827983200BB4E54 /* ImagePickerView */,
			);
			productName = "Image Picker";
			productReference = 4AE27A36282797DE00BB4E54 /* Image Picker.app */;
			productType = "com.apple.product-type.application";
		};
/* End PBXNativeTarget section */

/* Begin PBXProject section */
		4AE27A2E282797DE00BB4E54 /* Project object */ = {
			isa = PBXProject;
			attributes = {
				BuildIndependentTargetsInParallel = 1;
				LastSwiftUpdateCheck = 1330;
				LastUpgradeCheck = 1330;
				TargetAttributes = {
					4AE27A35282797DE00BB4E54 = {
						CreatedOnToolsVersion = 13.3.1;
					};
				};
			};
			buildConfigurationList = 4AE27A31282797DE00BB4E54 /* Build configuration list for PBXProject "Image Picker" */;
			compatibilityVersion = "Xcode 13.0";
			developmentRegion = en;
			hasScannedForEncodings = 0;
			knownRegions = (
				en,
				Base,
			);
			mainGroup = 4AE27A2D282797DE00BB4E54;
			packageReferences = (
				4AE27A472827983100BB4E54 /* XCRemoteSwiftPackageReference "ImagePickerView" */,
			);
			productRefGroup = 4AE27A37282797DE00BB4E54 /* Products */;
			projectDirPath = "";
			projectRoot = "";
			targets = (
				4AE27A35282797DE00BB4E54 /* Image Picker */,
			);
		};
/* End PBXProject section */

/* Begin PBXResourcesBuildPhase section */
		4AE27A34282797DE00BB4E54 /* Resources */ = {
			isa = PBXResourcesBuildPhase;
			buildActionMask = 2147483647;
			files = (
				4AE27A41282797E400BB4E54 /* Preview Assets.xcassets in Resources */,
				4AE27A3E282797E400BB4E54 /* Assets.xcassets in Resources */,
			);
			runOnlyForDeploymentPostprocessing = 0;
		};
/* End PBXResourcesBuildPhase section */

/* Begin PBXSourcesBuildPhase section */
		4AE27A32282797DE00BB4E54 /* Sources */ = {
			isa = PBXSourcesBuildPhase;
			buildActionMask = 2147483647;
			files = (
				4AE27A3C282797DE00BB4E54 /* ContentView.swift in Sources */,
				4AE27A4D2827988500BB4E54 /* Imagepicker.swift in Sources */,
				4AE27A4B2827984200BB4E54 /* UIImagepicker.swift in Sources */,
				4AE27A3A282797DE00BB4E54 /* Image_PickerApp.swift in Sources */,
			);
			runOnlyForDeploymentPostprocessing = 0;
		};
/* End PBXSourcesBuildPhase section */

/* Begin XCBuildConfiguration section */
		4AE27A42282797E400BB4E54 /* Debug */ = {
			isa = XCBuildConfiguration;
			buildSettings = {
				ALWAYS_SEARCH_USER_PATHS = NO;
				CLANG_ANALYZER_NONNULL = YES;
				CLANG_ANALYZER_NUMBER_OBJECT_CONVERSION = YES_AGGRESSIVE;
				CLANG_CXX_LANGUAGE_STANDARD = "gnu++17";
				CLANG_ENABLE_MODULES = YES;
				CLANG_ENABLE_OBJC_ARC = YES;
				CLANG_ENABLE_OBJC_WEAK = YES;
				CLANG_WARN_BLOCK_CAPTURE_AUTORELEASING = YES;
				CLANG_WARN_BOOL_CONVERSION = YES;
				CLANG_WARN_COMMA = YES;
				CLANG_WARN_CONSTANT_CONVERSION = YES;
				CLANG_WARN_DEPRECATED_OBJC_IMPLEMENTATIONS = YES;
				CLANG_WARN_DIRECT_OBJC_ISA_USAGE = YES_ERROR;
				CLANG_WARN_DOCUMENTATION_COMMENTS = YES;
				CLANG_WARN_EMPTY_BODY = YES;
				CLANG_WARN_ENUM_CONVERSION = YES;
				CLANG_WARN_INFINITE_RECURSION = YES;
				CLANG_WARN_INT_CONVERSION = YES;
				CLANG_WARN_NON_LITERAL_NULL_CONVERSION = YES;
				CLANG_WARN_OBJC_IMPLICIT_RETAIN_SELF = YES;
				CLANG_WARN_OBJC_LITERAL_CONVERSION = YES;
				CLANG_WARN_OBJC_ROOT_CLASS = YES_ERROR;
				CLANG_WARN_QUOTED_INCLUDE_IN_FRAMEWORK_HEADER = YES;
				CLANG_WARN_RANGE_LOOP_ANALYSIS = YES;
				CLANG_WARN_STRICT_PROTOTYPES = YES;
				CLANG_WARN_SUSPICIOUS_MOVE = YES;
				CLANG_WARN_UNGUARDED_AVAILABILITY = YES_AGGRESSIVE;
				CLANG_WARN_UNREACHABLE_CODE = YES;
				CLANG_WARN__DUPLICATE_METHOD_MATCH = YES;
				COPY_PHASE_STRIP = NO;
				DEBUG_INFORMATION_FORMAT = dwarf;
				ENABLE_STRICT_OBJC_MSGSEND = YES;
				ENABLE_TESTABILITY = YES;
				GCC_C_LANGUAGE_STANDARD = gnu11;
				GCC_DYNAMIC_NO_PIC = NO;
				GCC_NO_COMMON_BLOCKS = YES;
				GCC_OPTIMIZATION_LEVEL = 0;
				GCC_PREPROCESSOR_DEFINITIONS = (
					"DEBUG=1",
					"$(inherited)",
				);
				GCC_WARN_64_TO_32_BIT_CONVERSION = YES;
				GCC_WARN_ABOUT_RETURN_TYPE = YES_ERROR;
				GCC_WARN_UNDECLARED_SELECTOR = YES;
				GCC_WARN_UNINITIALIZED_AUTOS = YES_AGGRESSIVE;
				GCC_WARN_UNUSED_FUNCTION = YES;
				GCC_WARN_UNUSED_VARIABLE = YES;
				IPHONEOS_DEPLOYMENT_TARGET = 15.4;
				MTL_ENABLE_DEBUG_INFO = INCLUDE_SOURCE;
				MTL_FAST_MATH = YES;
				ONLY_ACTIVE_ARCH = YES;
				SDKROOT = iphoneos;
				SWIFT_ACTIVE_COMPILATION_CONDITIONS = DEBUG;
				SWIFT_OPTIMIZATION_LEVEL = "-Onone";
			};
			name = Debug;
		};
		4AE27A43282797E400BB4E54 /* Release */ = {
			isa = XCBuildConfiguration;
			buildSettings = {
				ALWAYS_SEARCH_USER_PATHS = NO;
				CLANG_ANALYZER_NONNULL = YES;
				CLANG_ANALYZER_NUMBER_OBJECT_CONVERSION = YES_AGGRESSIVE;
				CLANG_CXX_LANGUAGE_STANDARD = "gnu++17";
				CLANG_ENABLE_MODULES = YES;
				CLANG_ENABLE_OBJC_ARC = YES;
				CLANG_ENABLE_OBJC_WEAK = YES;
				CLANG_WARN_BLOCK_CAPTURE_AUTORELEASING = YES;
				CLANG_WARN_BOOL_CONVERSION = YES;
				CLANG_WARN_COMMA = YES;
				CLANG_WARN_CONSTANT_CONVERSION = YES;
				CLANG_WARN_DEPRECATED_OBJC_IMPLEMENTATIONS = YES;
				CLANG_WARN_DIRECT_OBJC_ISA_USAGE = YES_ERROR;
				CLANG_WARN_DOCUMENTATION_COMMENTS = YES;
				CLANG_WARN_EMPTY_BODY = YES;
				CLANG_WARN_ENUM_CONVERSION = YES;
				CLANG_WARN_INFINITE_RECURSION = YES;
				CLANG_WARN_INT_CONVERSION = YES;
				CLANG_WARN_NON_LITERAL_NULL_CONVERSION = YES;
				CLANG_WARN_OBJC_IMPLICIT_RETAIN_SELF = YES;
				CLANG_WARN_OBJC_LITERAL_CONVERSION = YES;
				CLANG_WARN_OBJC_ROOT_CLASS = YES_ERROR;
				CLANG_WARN_QUOTED_INCLUDE_IN_FRAMEWORK_HEADER = YES;
				CLANG_WARN_RANGE_LOOP_ANALYSIS = YES;
				CLANG_WARN_STRICT_PROTOTYPES = YES;
				CLANG_WARN_SUSPICIOUS_MOVE = YES;
				CLANG_WARN_UNGUARDED_AVAILABILITY = YES_AGGRESSIVE;
				CLANG_WARN_UNREACHABLE_CODE = YES;
				CLANG_WARN__DUPLICATE_METHOD_MATCH = YES;
				COPY_PHASE_STRIP = NO;
				DEBUG_INFORMATION_FORMAT = "dwarf-with-dsym";
				ENABLE_NS_ASSERTIONS = NO;
				ENABLE_STRICT_OBJC_MSGSEND = YES;
				GCC_C_LANGUAGE_STANDARD = gnu11;
				GCC_NO_COMMON_BLOCKS = YES;
				GCC_WARN_64_TO_32_BIT_CONVERSION = YES;
				GCC_WARN_ABOUT_RETURN_TYPE = YES_ERROR;
				GCC_WARN_UNDECLARED_SELECTOR = YES;
				GCC_WARN_UNINITIALIZED_AUTOS = YES_AGGRESSIVE;
				GCC_WARN_UNUSED_FUNCTION = YES;
				GCC_WARN_UNUSED_VARIABLE = YES;
				IPHONEOS_DEPLOYMENT_TARGET = 15.4;
				MTL_ENABLE_DEBUG_INFO = NO;
				MTL_FAST_MATH = YES;
				SDKROOT = iphoneos;
				SWIFT_COMPILATION_MODE = wholemodule;
				SWIFT_OPTIMIZATION_LEVEL = "-O";
				VALIDATE_PRODUCT = YES;
			};
			name = Release;
		};
		4AE27A45282797E400BB4E54 /* Debug */ = {
			isa = XCBuildConfiguration;
			buildSettings = {
				ASSETCATALOG_COMPILER_APPICON_NAME = AppIcon;
				ASSETCATALOG_COMPILER_GLOBAL_ACCENT_COLOR_NAME = AccentColor;
				CODE_SIGN_STYLE = Automatic;
				CURRENT_PROJECT_VERSION = 1;
				DEVELOPMENT_ASSET_PATHS = "\"Image Picker/Preview Content\"";
				ENABLE_PREVIEWS = YES;
				GENERATE_INFOPLIST_FILE = YES;
				INFOPLIST_KEY_UIApplicationSceneManifest_Generation = YES;
				INFOPLIST_KEY_UIApplicationSupportsIndirectInputEvents = YES;
				INFOPLIST_KEY_UILaunchScreen_Generation = YES;
				INFOPLIST_KEY_UISupportedInterfaceOrientations_iPad = "UIInterfaceOrientationPortrait UIInterfaceOrientationPortraitUpsideDown UIInterfaceOrientationLandscapeLeft UIInterfaceOrientationLandscapeRight";
				INFOPLIST_KEY_UISupportedInterfaceOrientations_iPhone = "UIInterfaceOrientationPortrait UIInterfaceOrientationLandscapeLeft UIInterfaceOrientationLandscapeRight";
				LD_RUNPATH_SEARCH_PATHS = (
					"$(inherited)",
					"@executable_path/Frameworks",
				);
				MARKETING_VERSION = 1.0;
				PRODUCT_BUNDLE_IDENTIFIER = "mystic.Image-Picker";
				PRODUCT_NAME = "$(TARGET_NAME)";
				SWIFT_EMIT_LOC_STRINGS = YES;
				SWIFT_VERSION = 5.0;
				TARGETED_DEVICE_FAMILY = "1,2";
			};
			name = Debug;
		};
		4AE27A46282797E400BB4E54 /* Release */ = {
			isa = XCBuildConfiguration;
			buildSettings = {
				ASSETCATALOG_COMPILER_APPICON_NAME = AppIcon;
				ASSETCATALOG_COMPILER_GLOBAL_ACCENT_COLOR_NAME = AccentColor;
				CODE_SIGN_STYLE = Automatic;
				CURRENT_PROJECT_VERSION = 1;
				DEVELOPMENT_ASSET_PATHS = "\"Image Picker/Preview Content\"";
				ENABLE_PREVIEWS = YES;
				GENERATE_INFOPLIST_FILE = YES;
				INFOPLIST_KEY_UIApplicationSceneManifest_Generation = YES;
				INFOPLIST_KEY_UIApplicationSupportsIndirectInputEvents = YES;
				INFOPLIST_KEY_UILaunchScreen_Generation = YES;
				INFOPLIST_KEY_UISupportedInterfaceOrientations_iPad = "UIInterfaceOrientationPortrait UIInterfaceOrientationPortraitUpsideDown UIInterfaceOrientationLandscapeLeft UIInterfaceOrientationLandscapeRight";
				INFOPLIST_KEY_UISupportedInterfaceOrientations_iPhone = "UIInterfaceOrientationPortrait UIInterfaceOrientationLandscapeLeft UIInterfaceOrientationLandscapeRight";
				LD_RUNPATH_SEARCH_PATHS = (
					"$(inherited)",
					"@executable_path/Frameworks",
				);
				MARKETING_VERSION = 1.0;
				PRODUCT_BUNDLE_IDENTIFIER = "mystic.Image-Picker";
				PRODUCT_NAME = "$(TARGET_NAME)";
				SWIFT_EMIT_LOC_STRINGS = YES;
				SWIFT_VERSION = 5.0;
				TARGETED_DEVICE_FAMILY = "1,2";
			};
			name = Release;
		};
/* End XCBuildConfiguration section */

/* Begin XCConfigurationList section */
		4AE27A31282797DE00BB4E54 /* Build configuration list for PBXProject "Image Picker" */ = {
			isa = XCConfigurationList;
			buildConfigurations = (
				4AE27A42282797E400BB4E54 /* Debug */,
				4AE27A43282797E400BB4E54 /* Release */,
			);
			defaultConfigurationIsVisible = 0;
			defaultConfigurationName = Release;
		};
		4AE27A44282797E400BB4E54 /* Build configuration list for PBXNativeTarget "Image Picker" */ = {
			isa = XCConfigurationList;
			buildConfigurations = (
				4AE27A45282797E400BB4E54 /* Debug */,
				4AE27A46282797E400BB4E54 /* Release */,
			);
			defaultConfigurationIsVisible = 0;
			defaultConfigurationName = Release;
		};
/* End XCConfigurationList section */

/* Begin XCRemoteSwiftPackageReference section */
		4AE27A472827983100BB4E54 /* XCRemoteSwiftPackageReference "ImagePickerView" */ = {
			isa = XCRemoteSwiftPackageReference;
			repositoryURL = "https://github.com/rebeloper/ImagePickerView.git";
			requirement = {
				kind = upToNextMajorVersion;
				minimumVersion = 0.2.2;
			};
		};
/* End XCRemoteSwiftPackageReference section */

/* Begin XCSwiftPackageProductDependency section */
		4AE27A482827983200BB4E54 /* ImagePickerView */ = {
			isa = XCSwiftPackageProductDependency;
			package = 4AE27A472827983100BB4E54 /* XCRemoteSwiftPackageReference "ImagePickerView" */;
			productName = ImagePickerView;
		};
/* End XCSwiftPackageProductDependency section */
	};
	rootObject = 4AE27A2E282797DE00BB4E54 /* Project object */;
}
